
Microsoft Visual Studio Solution File, Format Version 12.00
# Visual Studio Version 16
VisualStudioVersion = 16.0.809.7
MinimumVisualStudioVersion = 10.0.40219.1
Project("{FAE04EC0-301F-11D3-BF4B-00C04F79EFBC}") = "TechnicalRadiation", "TechnicalRadiation\TechnicalRadiation.csproj", "{34BA0B09-DB87-4E1C-838C-C0DB73AC9B5F}"
EndProject
Global
	GlobalSection(SolutionConfigurationPlatforms) = preSolution
		Debug|Any CPU = Debug|Any CPU
		Release|Any CPU = Release|Any CPU
	EndGlobalSection
	GlobalSection(ProjectConfigurationPlatforms) = postSolution
		{34BA0B09-DB87-4E1C-838C-C0DB73AC9B5F}.Debug|Any CPU.ActiveCfg = Debug|Any CPU
		{34BA0B09-DB87-4E1C-838C-C0DB73AC9B5F}.Debug|Any CPU.Build.0 = Debug|Any CPU
		{34BA0B09-DB87-4E1C-838C-C0DB73AC9B5F}.Release|Any CPU.ActiveCfg = Release|Any CPU
		{34BA0B09-DB87-4E1C-838C-C0DB73AC9B5F}.Release|Any CPU.Build.0 = Release|Any CPU
	EndGlobalSection
	GlobalSection(SolutionProperties) = preSolution
		HideSolutionNode = FALSE
	EndGlobalSection
	GlobalSection(ExtensibilityGlobals) = postSolution
		SolutionGuid = {17847B6D-2E6E-42F3-8E1C-E93E3C87E707}
	EndGlobalSection
EndGlobal
